// !$*UTF8*$!
{
	archiveVersion = 1;
	classes = {
	};
	objectVersion = 46;
	objects = {

/* Begin PBXBuildFile section */
		522C3C541CD3C11B00A22B0A /* AppDelegate.swift in Sources */ = {isa = PBXBuildFile; fileRef = 522C3C531CD3C11B00A22B0A /* AppDelegate.swift */; };
		522C3C591CD3C11B00A22B0A /* Main.storyboard in Resources */ = {isa = PBXBuildFile; fileRef = 522C3C571CD3C11B00A22B0A /* Main.storyboard */; };
		522C3C5B1CD3C11B00A22B0A /* Assets.xcassets in Resources */ = {isa = PBXBuildFile; fileRef = 522C3C5A1CD3C11B00A22B0A /* Assets.xcassets */; };
		522C3C5E1CD3C11B00A22B0A /* LaunchScreen.storyboard in Resources */ = {isa = PBXBuildFile; fileRef = 522C3C5C1CD3C11B00A22B0A /* LaunchScreen.storyboard */; };
		522C3C691CD3C11B00A22B0A /* CalculatorTests.swift in Sources */ = {isa = PBXBuildFile; fileRef = 522C3C681CD3C11B00A22B0A /* CalculatorTests.swift */; };
		522C3C741CD3C11B00A22B0A /* CalculatorUITests.swift in Sources */ = {isa = PBXBuildFile; fileRef = 522C3C731CD3C11B00A22B0A /* CalculatorUITests.swift */; };
		5253019E1CD9308200992361 /* ViewController.swift in Sources */ = {isa = PBXBuildFile; fileRef = 522C3C551CD3C11B00A22B0A /* ViewController.swift */; };
		5253019F1CD930A900992361 /* CalculatorBrain.swift in Sources */ = {isa = PBXBuildFile; fileRef = 522C3C811CD3C47F00A22B0A /* CalculatorBrain.swift */; };
/* End PBXBuildFile section */

/* Begin PBXContainerItemProxy section */
		522C3C651CD3C11B00A22B0A /* PBXContainerItemProxy */ = {
			isa = PBXContainerItemProxy;
			containerPortal = 522C3C481CD3C11A00A22B0A /* Project object */;
			proxyType = 1;
			remoteGlobalIDString = 522C3C4F1CD3C11A00A22B0A;
			remoteInfo = Calculator;
		};
		522C3C701CD3C11B00A22B0A /* PBXContainerItemProxy */ = {
			isa = PBXContainerItemProxy;
			containerPortal = 522C3C481CD3C11A00A22B0A /* Project object */;
			proxyType = 1;
			remoteGlobalIDString = 522C3C4F1CD3C11A00A22B0A;
			remoteInfo = Calculator;
		};
/* End PBXContainerItemProxy section */

/* Begin PBXFileReference section */
		522C3C501CD3C11A00A22B0A /* Calculator.app */ = {isa = PBXFileReference; explicitFileType = wrapper.application; includeInIndex = 0; path = Calculator.app; sourceTree = BUILT_PRODUCTS_DIR; };
		522C3C531CD3C11B00A22B0A /* AppDelegate.swift */ = {isa = PBXFileReference; lastKnownFileType = sourcecode.swift; path = AppDelegate.swift; sourceTree = "<group>"; };
		522C3C551CD3C11B00A22B0A /* ViewController.swift */ = {isa = PBXFileReference; lastKnownFileType = sourcecode.swift; path = ViewController.swift; sourceTree = "<group>"; };
		522C3C581CD3C11B00A22B0A /* Base */ = {isa = PBXFileReference; lastKnownFileType = file.storyboard; name = Base; path = Base.lproj/Main.storyboard; sourceTree = "<group>"; };
		522C3C5A1CD3C11B00A22B0A /* Assets.xcassets */ = {isa = PBXFileReference; lastKnownFileType = folder.assetcatalog; path = Assets.xcassets; sourceTree = "<group>"; };
		522C3C5D1CD3C11B00A22B0A /* Base */ = {isa = PBXFileReference; lastKnownFileType = file.storyboard; name = Base; path = Base.lproj/LaunchScreen.storyboard; sourceTree = "<group>"; };
		522C3C5F1CD3C11B00A22B0A /* Info.plist */ = {isa = PBXFileReference; lastKnownFileType = text.plist.xml; path = Info.plist; sourceTree = "<group>"; };
		522C3C641CD3C11B00A22B0A /* CalculatorTests.xctest */ = {isa = PBXFileReference; explicitFileType = wrapper.cfbundle; includeInIndex = 0; path = CalculatorTests.xctest; sourceTree = BUILT_PRODUCTS_DIR; };
		522C3C681CD3C11B00A22B0A /* CalculatorTests.swift */ = {isa = PBXFileReference; lastKnownFileType = sourcecode.swift; path = CalculatorTests.swift; sourceTree = "<group>"; };
		522C3C6A1CD3C11B00A22B0A /* Info.plist */ = {isa = PBXFileReference; lastKnownFileType = text.plist.xml; path = Info.plist; sourceTree = "<group>"; };
		522C3C6F1CD3C11B00A22B0A /* CalculatorUITests.xctest */ = {isa = PBXFileReference; explicitFileType = wrapper.cfbundle; includeInIndex = 0; path = CalculatorUITests.xctest; sourceTree = BUILT_PRODUCTS_DIR; };
		522C3C731CD3C11B00A22B0A /* CalculatorUITests.swift */ = {isa = PBXFileReference; lastKnownFileType = sourcecode.swift; path = CalculatorUITests.swift; sourceTree = "<group>"; };
		522C3C751CD3C11B00A22B0A /* Info.plist */ = {isa = PBXFileReference; lastKnownFileType = text.plist.xml; path = Info.plist; sourceTree = "<group>"; };
		522C3C811CD3C47F00A22B0A /* CalculatorBrain.swift */ = {isa = PBXFileReference; fileEncoding = 4; lastKnownFileType = sourcecode.swift; path = CalculatorBrain.swift; sourceTree = "<group>"; };
/* End PBXFileReference section */

/* Begin PBXFrameworksBuildPhase section */
		522C3C4D1CD3C11A00A22B0A /* Frameworks */ = {
			isa = PBXFrameworksBuildPhase;
			buildActionMask = 2147483647;
			files = (
			);
			runOnlyForDeploymentPostprocessing = 0;
		};
		522C3C611CD3C11B00A22B0A /* Frameworks */ = {
			isa = PBXFrameworksBuildPhase;
			buildActionMask = 2147483647;
			files = (
			);
			runOnlyForDeploymentPostprocessing = 0;
		};
		522C3C6C1CD3C11B00A22B0A /* Frameworks */ = {
			isa = PBXFrameworksBuildPhase;
			buildActionMask = 2147483647;
			files = (
			);
			runOnlyForDeploymentPostprocessing = 0;
		};
/* End PBXFrameworksBuildPhase section */

/* Begin PBXGroup section */
		522C3C471CD3C11A00A22B0A = {
			isa = PBXGroup;
			children = (
				522C3C521CD3C11B00A22B0A /* Calculator */,
				522C3C671CD3C11B00A22B0A /* CalculatorTests */,
				522C3C721CD3C11B00A22B0A /* CalculatorUITests */,
				522C3C511CD3C11A00A22B0A /* Products */,
			);
			sourceTree = "<group>";
		};
		522C3C511CD3C11A00A22B0A /* Products */ = {
			isa = PBXGroup;
			children = (
				522C3C501CD3C11A00A22B0A /* Calculator.app */,
				522C3C641CD3C11B00A22B0A /* CalculatorTests.xctest */,
				522C3C6F1CD3C11B00A22B0A /* CalculatorUITests.xctest */,
			);
			name = Products;
			sourceTree = "<group>";
		};
		522C3C521CD3C11B00A22B0A /* Calculator */ = {
			isa = PBXGroup;
			children = (
				522C3C811CD3C47F00A22B0A /* CalculatorBrain.swift */,
				522C3C571CD3C11B00A22B0A /* Main.storyboard */,
				522C3C551CD3C11B00A22B0A /* ViewController.swift */,
				52F40CD21CD918500001C180 /* supporting files */,
			);
			path = Calculator;
			sourceTree = "<group>";
		};
		522C3C671CD3C11B00A22B0A /* CalculatorTests */ = {
			isa = PBXGroup;
			children = (
				522C3C681CD3C11B00A22B0A /* CalculatorTests.swift */,
				522C3C6A1CD3C11B00A22B0A /* Info.plist */,
			);
			path = CalculatorTests;
			sourceTree = "<group>";
		};
		522C3C721CD3C11B00A22B0A /* CalculatorUITests */ = {
			isa = PBXGroup;
			children = (
				522C3C731CD3C11B00A22B0A /* CalculatorUITests.swift */,
				522C3C751CD3C11B00A22B0A /* Info.plist */,
			);
			path = CalculatorUITests;
			sourceTree = "<group>";
		};
		52F40CD21CD918500001C180 /* supporting files */ = {
			isa = PBXGroup;
			children = (
				522C3C531CD3C11B00A22B0A /* AppDelegate.swift */,
				522C3C5A1CD3C11B00A22B0A /* Assets.xcassets */,
				522C3C5C1CD3C11B00A22B0A /* LaunchScreen.storyboard */,
				522C3C5F1CD3C11B00A22B0A /* Info.plist */,
			);
			name = "supporting files";
			sourceTree = "<group>";
		};
/* End PBXGroup section */

/* Begin PBXNativeTarget section */
		522C3C4F1CD3C11A00A22B0A /* Calculator */ = {
			isa = PBXNativeTarget;
			buildConfigurationList = 522C3C781CD3C11B00A22B0A /* Build configuration list for PBXNativeTarget "Calculator" */;
			buildPhases = (
				522C3C4C1CD3C11A00A22B0A /* Sources */,
				522C3C4D1CD3C11A00A22B0A /* Frameworks */,
				522C3C4E1CD3C11A00A22B0A /* Resources */,
			);
			buildRules = (
			);
			dependencies = (
			);
			name = Calculator;
			productName = Calculator;
			productReference = 522C3C501CD3C11A00A22B0A /* Calculator.app */;
			productType = "com.apple.product-type.application";
		};
		522C3C631CD3C11B00A22B0A /* CalculatorTests */ = {
			isa = PBXNativeTarget;
			buildConfigurationList = 522C3C7B1CD3C11B00A22B0A /* Build configuration list for PBXNativeTarget "CalculatorTests" */;
			buildPhases = (
				522C3C601CD3C11B00A22B0A /* Sources */,
				522C3C611CD3C11B00A22B0A /* Frameworks */,
				522C3C621CD3C11B00A22B0A /* Resources */,
			);
			buildRules = (
			);
			dependencies = (
				522C3C661CD3C11B00A22B0A /* PBXTargetDependency */,
			);
			name = CalculatorTests;
			productName = CalculatorTests;
			productReference = 522C3C641CD3C11B00A22B0A /* CalculatorTests.xctest */;
			productType = "com.apple.product-type.bundle.unit-test";
		};
		522C3C6E1CD3C11B00A22B0A /* CalculatorUITests */ = {
			isa = PBXNativeTarget;
			buildConfigurationList = 522C3C7E1CD3C11B00A22B0A /* Build configuration list for PBXNativeTarget "CalculatorUITests" */;
			buildPhases = (
				522C3C6B1CD3C11B00A22B0A /* Sources */,
				522C3C6C1CD3C11B00A22B0A /* Frameworks */,
				522C3C6D1CD3C11B00A22B0A /* Resources */,
			);
			buildRules = (
			);
			dependencies = (
				522C3C711CD3C11B00A22B0A /* PBXTargetDependency */,
			);
			name = CalculatorUITests;
			productName = CalculatorUITests;
			productReference = 522C3C6F1CD3C11B00A22B0A /* CalculatorUITests.xctest */;
			productType = "com.apple.product-type.bundle.ui-testing";
		};
/* End PBXNativeTarget section */

/* Begin PBXProject section */
		522C3C481CD3C11A00A22B0A /* Project object */ = {
			isa = PBXProject;
			attributes = {
				LastSwiftUpdateCheck = 0730;
				LastUpgradeCheck = 0800;
				ORGANIZATIONNAME = John;
				TargetAttributes = {
					522C3C4F1CD3C11A00A22B0A = {
						CreatedOnToolsVersion = 7.3;
						DevelopmentTeam = S9RF67765F;
						LastSwiftMigration = 0800;
					};
					522C3C631CD3C11B00A22B0A = {
						CreatedOnToolsVersion = 7.3;
						DevelopmentTeam = S9RF67765F;
						LastSwiftMigration = 0800;
						TestTargetID = 522C3C4F1CD3C11A00A22B0A;
					};
					522C3C6E1CD3C11B00A22B0A = {
						CreatedOnToolsVersion = 7.3;
						DevelopmentTeam = S9RF67765F;
						LastSwiftMigration = 0800;
						TestTargetID = 522C3C4F1CD3C11A00A22B0A;
					};
				};
			};
			buildConfigurationList = 522C3C4B1CD3C11A00A22B0A /* Build configuration list for PBXProject "Calculator" */;
			compatibilityVersion = "Xcode 3.2";
			developmentRegion = English;
			hasScannedForEncodings = 0;
			knownRegions = (
				en,
				Base,
			);
			mainGroup = 522C3C471CD3C11A00A22B0A;
			productRefGroup = 522C3C511CD3C11A00A22B0A /* Products */;
			projectDirPath = "";
			projectRoot = "";
			targets = (
				522C3C4F1CD3C11A00A22B0A /* Calculator */,
				522C3C631CD3C11B00A22B0A /* CalculatorTests */,
				522C3C6E1CD3C11B00A22B0A /* CalculatorUITests */,
			);
		};
/* End PBXProject section */

/* Begin PBXResourcesBuildPhase section */
		522C3C4E1CD3C11A00A22B0A /* Resources */ = {
			isa = PBXResourcesBuildPhase;
			buildActionMask = 2147483647;
			files = (
				522C3C5E1CD3C11B00A22B0A /* LaunchScreen.storyboard in Resources */,
				522C3C5B1CD3C11B00A22B0A /* Assets.xcassets in Resources */,
				522C3C591CD3C11B00A22B0A /* Main.storyboard in Resources */,
			);
			runOnlyForDeploymentPostprocessing = 0;
		};
		522C3C621CD3C11B00A22B0A /* Resources */ = {
			isa = PBXResourcesBuildPhase;
			buildActionMask = 2147483647;
			files = (
			);
			runOnlyForDeploymentPostprocessing = 0;
		};
		522C3C6D1CD3C11B00A22B0A /* Resources */ = {
			isa = PBXResourcesBuildPhase;
			buildActionMask = 2147483647;
			files = (
			);
			runOnlyForDeploymentPostprocessing = 0;
		};
/* End PBXResourcesBuildPhase section */

/* Begin PBXSourcesBuildPhase section */
		522C3C4C1CD3C11A00A22B0A /* Sources */ = {
			isa = PBXSourcesBuildPhase;
			buildActionMask = 2147483647;
			files = (
				5253019F1CD930A900992361 /* CalculatorBrain.swift in Sources */,
				5253019E1CD9308200992361 /* ViewController.swift in Sources */,
				522C3C541CD3C11B00A22B0A /* AppDelegate.swift in Sources */,
			);
			runOnlyForDeploymentPostprocessing = 0;
		};
		522C3C601CD3C11B00A22B0A /* Sources */ = {
			isa = PBXSourcesBuildPhase;
			buildActionMask = 2147483647;
			files = (
				522C3C691CD3C11B00A22B0A /* CalculatorTests.swift in Sources */,
			);
			runOnlyForDeploymentPostprocessing = 0;
		};
		522C3C6B1CD3C11B00A22B0A /* Sources */ = {
			isa = PBXSourcesBuildPhase;
			buildActionMask = 2147483647;
			files = (
				522C3C741CD3C11B00A22B0A /* CalculatorUITests.swift in Sources */,
			);
			runOnlyForDeploymentPostprocessing = 0;
		};
/* End PBXSourcesBuildPhase section */

/* Begin PBXTargetDependency section */
		522C3C661CD3C11B00A22B0A /* PBXTargetDependency */ = {
			isa = PBXTargetDependency;
			target = 522C3C4F1CD3C11A00A22B0A /* Calculator */;
			targetProxy = 522C3C651CD3C11B00A22B0A /* PBXContainerItemProxy */;
		};
		522C3C711CD3C11B00A22B0A /* PBXTargetDependency */ = {
			isa = PBXTargetDependency;
			target = 522C3C4F1CD3C11A00A22B0A /* Calculator */;
			targetProxy = 522C3C701CD3C11B00A22B0A /* PBXContainerItemProxy */;
		};
/* End PBXTargetDependency section */

/* Begin PBXVariantGroup section */
		522C3C571CD3C11B00A22B0A /* Main.storyboard */ = {
			isa = PBXVariantGroup;
			children = (
				522C3C581CD3C11B00A22B0A /* Base */,
			);
			name = Main.storyboard;
			sourceTree = "<group>";
		};
		522C3C5C1CD3C11B00A22B0A /* LaunchScreen.storyboard */ = {
			isa = PBXVariantGroup;
			children = (
				522C3C5D1CD3C11B00A22B0A /* Base */,
			);
			name = LaunchScreen.storyboard;
			sourceTree = "<group>";
		};
/* End PBXVariantGroup section */

/* Begin XCBuildConfiguration section */
		522C3C761CD3C11B00A22B0A /* Debug */ = {
			isa = XCBuildConfiguration;
			buildSettings = {
				ALWAYS_SEARCH_USER_PATHS = NO;
				CLANG_ANALYZER_NONNULL = YES;
				CLANG_CXX_LANGUAGE_STANDARD = "gnu++0x";
				CLANG_CXX_LIBRARY = "libc++";
				CLANG_ENABLE_MODULES = YES;
				CLANG_ENABLE_OBJC_ARC = YES;
				CLANG_WARN_BOOL_CONVERSION = YES;
				CLANG_WARN_CONSTANT_CONVERSION = YES;
				CLANG_WARN_DIRECT_OBJC_ISA_USAGE = YES_ERROR;
				CLANG_WARN_EMPTY_BODY = YES;
				CLANG_WARN_ENUM_CONVERSION = YES;
				CLANG_WARN_INFINITE_RECURSION = YES;
				CLANG_WARN_INT_CONVERSION = YES;
				CLANG_WARN_OBJC_ROOT_CLASS = YES_ERROR;
				CLANG_WARN_SUSPICIOUS_MOVE = YES;
				CLANG_WARN_UNREACHABLE_CODE = YES;
				CLANG_WARN__DUPLICATE_METHOD_MATCH = YES;
				"CODE_SIGN_IDENTITY[sdk=iphoneos*]" = "iPhone Developer";
				COPY_PHASE_STRIP = NO;
				DEBUG_INFORMATION_FORMAT = dwarf;
				ENABLE_STRICT_OBJC_MSGSEND = YES;
				ENABLE_TESTABILITY = YES;
				GCC_C_LANGUAGE_STANDARD = gnu99;
				GCC_DYNAMIC_NO_PIC = NO;
				GCC_NO_COMMON_BLOCKS = YES;
				GCC_OPTIMIZATION_LEVEL = 0;
				GCC_PREPROCESSOR_DEFINITIONS = (
					"DEBUG=1",
					"$(inherited)",
				);
				GCC_WARN_64_TO_32_BIT_CONVERSION = YES;
				GCC_WARN_ABOUT_RETURN_TYPE = YES_ERROR;
				GCC_WARN_UNDECLARED_SELECTOR = YES;
				GCC_WARN_UNINITIALIZED_AUTOS = YES_AGGRESSIVE;
				GCC_WARN_UNUSED_FUNCTION = YES;
				GCC_WARN_UNUSED_VARIABLE = YES;
				IPHONEOS_DEPLOYMENT_TARGET = 10.0;
				MTL_ENABLE_DEBUG_INFO = YES;
				ONLY_ACTIVE_ARCH = YES;
				SDKROOT = iphoneos;
				SWIFT_OPTIMIZATION_LEVEL = "-Onone";
			};
			name = Debug;
		};
		522C3C771CD3C11B00A22B0A /* Release */ = {
			isa = XCBuildConfiguration;
			buildSettings = {
				ALWAYS_SEARCH_USER_PATHS = NO;
				CLANG_ANALYZER_NONNULL = YES;
				CLANG_CXX_LANGUAGE_STANDARD = "gnu++0x";
				CLANG_CXX_LIBRARY = "libc++";
				CLANG_ENABLE_MODULES = YES;
				CLANG_ENABLE_OBJC_ARC = YES;
				CLANG_WARN_BOOL_CONVERSION = YES;
				CLANG_WARN_CONSTANT_CONVERSION = YES;
				CLANG_WARN_DIRECT_OBJC_ISA_USAGE = YES_ERROR;
				CLANG_WARN_EMPTY_BODY = YES;
				CLANG_WARN_ENUM_CONVERSION = YES;
				CLANG_WARN_INFINITE_RECURSION = YES;
				CLANG_WARN_INT_CONVERSION = YES;
				CLANG_WARN_OBJC_ROOT_CLASS = YES_ERROR;
				CLANG_WARN_SUSPICIOUS_MOVE = YES;
				CLANG_WARN_UNREACHABLE_CODE = YES;
				CLANG_WARN__DUPLICATE_METHOD_MATCH = YES;
				"CODE_SIGN_IDENTITY[sdk=iphoneos*]" = "iPhone Developer";
				COPY_PHASE_STRIP = NO;
				DEBUG_INFORMATION_FORMAT = "dwarf-with-dsym";
				ENABLE_NS_ASSERTIONS = NO;
				ENABLE_STRICT_OBJC_MSGSEND = YES;
				GCC_C_LANGUAGE_STANDARD = gnu99;
				GCC_NO_COMMON_BLOCKS = YES;
				GCC_WARN_64_TO_32_BIT_CONVERSION = YES;
				GCC_WARN_ABOUT_RETURN_TYPE = YES_ERROR;
				GCC_WARN_UNDECLARED_SELECTOR = YES;
				GCC_WARN_UNINITIALIZED_AUTOS = YES_AGGRESSIVE;
				GCC_WARN_UNUSED_FUNCTION = YES;
				GCC_WARN_UNUSED_VARIABLE = YES;
				IPHONEOS_DEPLOYMENT_TARGET = 10.0;
				MTL_ENABLE_DEBUG_INFO = NO;
				SDKROOT = iphoneos;
				SWIFT_OPTIMIZATION_LEVEL = "-Owholemodule";
				VALIDATE_PRODUCT = YES;
			};
			name = Release;
		};
		522C3C791CD3C11B00A22B0A /* Debug */ = {
			isa = XCBuildConfiguration;
			buildSettings = {
				ASSETCATALOG_COMPILER_APPICON_NAME = AppIcon;
				CODE_SIGN_IDENTITY = "iPhone Developer";
				INFOPLIST_FILE = Calculator/Info.plist;
				IPHONEOS_DEPLOYMENT_TARGET = 10.0;
				LD_RUNPATH_SEARCH_PATHS = "$(inherited) @executable_path/Frameworks";
				PRODUCT_BUNDLE_IDENTIFIER = com.phoenix.Calculator;
				PRODUCT_NAME = "$(TARGET_NAME)";
				SWIFT_VERSION = 3.0;
			};
			name = Debug;
		};
		522C3C7A1CD3C11B00A22B0A /* Release */ = {
			isa = XCBuildConfiguration;
			buildSettings = {
				ASSETCATALOG_COMPILER_APPICON_NAME = AppIcon;
				CODE_SIGN_IDENTITY = "iPhone Developer";
				INFOPLIST_FILE = Calculator/Info.plist;
				IPHONEOS_DEPLOYMENT_TARGET = 10.0;
				LD_RUNPATH_SEARCH_PATHS = "$(inherited) @executable_path/Frameworks";
				PRODUCT_BUNDLE_IDENTIFIER = com.phoenix.Calculator;
				PRODUCT_NAME = "$(TARGET_NAME)";
				SWIFT_VERSION = 3.0;
			};
			name = Release;
		};
		522C3C7C1CD3C11B00A22B0A /* Debug */ = {
			isa = XCBuildConfiguration;
			buildSettings = {
				BUNDLE_LOADER = "$(TEST_HOST)";
				INFOPLIST_FILE = CalculatorTests/Info.plist;
				LD_RUNPATH_SEARCH_PATHS = "$(inherited) @executable_path/Frameworks @loader_path/Frameworks";
				PRODUCT_BUNDLE_IDENTIFIER = com.phoenix.CalculatorTests;
				PRODUCT_NAME = "$(TARGET_NAME)";
				SWIFT_VERSION = 3.0;
				TEST_HOST = "$(BUILT_PRODUCTS_DIR)/Calculator.app/Calculator";
			};
			name = Debug;
		};
		522C3C7D1CD3C11B00A22B0A /* Release */ = {
			isa = XCBuildConfiguration;
			buildSettings = {
				BUNDLE_LOADER = "$(TEST_HOST)";
				INFOPLIST_FILE = CalculatorTests/Info.plist;
				LD_RUNPATH_SEARCH_PATHS = "$(inherited) @executable_path/Frameworks @loader_path/Frameworks";
				PRODUCT_BUNDLE_IDENTIFIER = com.phoenix.CalculatorTests;
				PRODUCT_NAME = "$(TARGET_NAME)";
				SWIFT_VERSION = 3.0;
				TEST_HOST = "$(BUILT_PRODUCTS_DIR)/Calculator.app/Calculator";
			};
			name = Release;
		};
		522C3C7F1CD3C11B00A22B0A /* Debug */ = {
			isa = XCBuildConfiguration;
			buildSettings = {
				INFOPLIST_FILE = CalculatorUITests/Info.plist;
				LD_RUNPATH_SEARCH_PATHS = "$(inherited) @executable_path/Frameworks @loader_path/Frameworks";
				PRODUCT_BUNDLE_IDENTIFIER = com.phoenix.CalculatorUITests;
				PRODUCT_NAME = "$(TARGET_NAME)";
				SWIFT_VERSION = 3.0;
				TEST_TARGET_NAME = Calculator;
			};
			name = Debug;
		};
		522C3C801CD3C11B00A22B0A /* Release */ = {
			isa = XCBuildConfiguration;
			buildSettings = {
				INFOPLIST_FILE = CalculatorUITests/Info.plist;
				LD_RUNPATH_SEARCH_PATHS = "$(inherited) @executable_path/Frameworks @loader_path/Frameworks";
				PRODUCT_BUNDLE_IDENTIFIER = com.phoenix.CalculatorUITests;
				PRODUCT_NAME = "$(TARGET_NAME)";
				SWIFT_VERSION = 3.0;
				TEST_TARGET_NAME = Calculator;
			};
			name = Release;
		};
/* End XCBuildConfiguration section */

/* Begin XCConfigurationList section */
		522C3C4B1CD3C11A00A22B0A /* Build configuration list for PBXProject "Calculator" */ = {
			isa = XCConfigurationList;
			buildConfigurations = (
				522C3C761CD3C11B00A22B0A /* Debug */,
				522C3C771CD3C11B00A22B0A /* Release */,
			);
			defaultConfigurationIsVisible = 0;
			defaultConfigurationName = Release;
		};
		522C3C781CD3C11B00A22B0A /* Build configuration list for PBXNativeTarget "Calculator" */ = {
			isa = XCConfigurationList;
			buildConfigurations = (
				522C3C791CD3C11B00A22B0A /* Debug */,
				522C3C7A1CD3C11B00A22B0A /* Release */,
			);
			defaultConfigurationIsVisible = 0;
			defaultConfigurationName = Release;
		};
		522C3C7B1CD3C11B00A22B0A /* Build configuration list for PBXNativeTarget "CalculatorTests" */ = {
			isa = XCConfigurationList;
			buildConfigurations = (
				522C3C7C1CD3C11B00A22B0A /* Debug */,
				522C3C7D1CD3C11B00A22B0A /* Release */,
			);
			defaultConfigurationIsVisible = 0;
			defaultConfigurationName = Release;
		};
		522C3C7E1CD3C11B00A22B0A /* Build configuration list for PBXNativeTarget "CalculatorUITests" */ = {
			isa = XCConfigurationList;
			buildConfigurations = (
				522C3C7F1CD3C11B00A22B0A /* Debug */,
				522C3C801CD3C11B00A22B0A /* Release */,
			);
			defaultConfigurationIsVisible = 0;
			defaultConfigurationName = Release;
		};
/* End XCConfigurationList section */
	};
	rootObject = 522C3C481CD3C11A00A22B0A /* Project object */;
}
